// !$*UTF8*$!
{
	archiveVersion = 1;
	classes = {
	};
	objectVersion = 46;
	objects = {

/* Begin PBXBuildFile section */
		04013C3319507009008A5F4F /* mnp_string_count.cpp in Sources */ = {isa = PBXBuildFile; fileRef = 04013C3119507009008A5F4F /* mnp_string_count.cpp */; };
		04013C3419507009008A5F4F /* mnp_string_find.cpp in Sources */ = {isa = PBXBuildFile; fileRef = 04013C3219507009008A5F4F /* mnp_string_find.cpp */; };
		0434A864194DDBCB0009D8FC /* mnp_string.h in Headers */ = {isa = PBXBuildFile; fileRef = 0434A862194DDBCB0009D8FC /* mnp_string.h */; };
		045054F61960594F0041CE3E /* mnp_string_combin.cpp in Sources */ = {isa = PBXBuildFile; fileRef = 045054F41960594F0041CE3E /* mnp_string_combin.cpp */; };
		04B7A5FD194F1B2C0031AE62 /* main.cpp in Sources */ = {isa = PBXBuildFile; fileRef = 04B7A5FC194F1B2C0031AE62 /* main.cpp */; };
		04B7A606194F1C460031AE62 /* test.cpp in Sources */ = {isa = PBXBuildFile; fileRef = 04B7A604194F1C460031AE62 /* test.cpp */; };
		04B7A608194F278B0031AE62 /* gtest.framework in Frameworks */ = {isa = PBXBuildFile; fileRef = 04B7A607194F278B0031AE62 /* gtest.framework */; };
		04CD1F0419576B8A006627F6 /* x_fast_trie_impl.h in Headers */ = {isa = PBXBuildFile; fileRef = 04CD1F0219576B8A006627F6 /* x_fast_trie_impl.h */; };
		04CD1F0519576B8A006627F6 /* x_fast_trie.h in Headers */ = {isa = PBXBuildFile; fileRef = 04CD1F0319576B8A006627F6 /* x_fast_trie.h */; };
		04FBE07E195C95F300A15A5E /* mnp_string_substr.cpp in Sources */ = {isa = PBXBuildFile; fileRef = 04FBE07C195C95F300A15A5E /* mnp_string_substr.cpp */; };
/* End PBXBuildFile section */

/* Begin PBXCopyFilesBuildPhase section */
		04B7A5F8194F1B2B0031AE62 /* CopyFiles */ = {
			isa = PBXCopyFilesBuildPhase;
			buildActionMask = 2147483647;
			dstPath = /usr/share/man/man1/;
			dstSubfolderSpec = 0;
			files = (
			);
			runOnlyForDeploymentPostprocessing = 1;
		};
/* End PBXCopyFilesBuildPhase section */

/* Begin PBXFileReference section */
		04013C3119507009008A5F4F /* mnp_string_count.cpp */ = {isa = PBXFileReference; fileEncoding = 4; lastKnownFileType = sourcecode.cpp.cpp; path = mnp_string_count.cpp; sourceTree = "<group>"; };
		04013C3219507009008A5F4F /* mnp_string_find.cpp */ = {isa = PBXFileReference; fileEncoding = 4; lastKnownFileType = sourcecode.cpp.cpp; path = mnp_string_find.cpp; sourceTree = "<group>"; };
		0434A85A194DDBAF0009D8FC /* libstr_manip.a */ = {isa = PBXFileReference; explicitFileType = archive.ar; includeInIndex = 0; path = libstr_manip.a; sourceTree = BUILT_PRODUCTS_DIR; };
		0434A862194DDBCB0009D8FC /* mnp_string.h */ = {isa = PBXFileReference; fileEncoding = 4; lastKnownFileType = sourcecode.c.h; path = mnp_string.h; sourceTree = "<group>"; };
		045054F41960594F0041CE3E /* mnp_string_combin.cpp */ = {isa = PBXFileReference; fileEncoding = 4; lastKnownFileType = sourcecode.cpp.cpp; path = mnp_string_combin.cpp; sourceTree = "<group>"; };
		045054F8196063DB0041CE3E /* test_fixture.h */ = {isa = PBXFileReference; lastKnownFileType = sourcecode.c.h; path = test_fixture.h; sourceTree = "<group>"; };
		0462D7FD195DBA5D00073E22 /* mnp_string_iterator.h */ = {isa = PBXFileReference; lastKnownFileType = sourcecode.c.h; path = mnp_string_iterator.h; sourceTree = "<group>"; };
		04B7A5FA194F1B2B0031AE62 /* str_manip_unit_tests */ = {isa = PBXFileReference; explicitFileType = "compiled.mach-o.executable"; includeInIndex = 0; path = str_manip_unit_tests; sourceTree = BUILT_PRODUCTS_DIR; };
		04B7A5FC194F1B2C0031AE62 /* main.cpp */ = {isa = PBXFileReference; lastKnownFileType = sourcecode.cpp.cpp; path = main.cpp; sourceTree = "<group>"; };
		04B7A604194F1C460031AE62 /* test.cpp */ = {isa = PBXFileReference; fileEncoding = 4; lastKnownFileType = sourcecode.cpp.cpp; path = test.cpp; sourceTree = "<group>"; };
		04B7A607194F278B0031AE62 /* gtest.framework */ = {isa = PBXFileReference; lastKnownFileType = wrapper.framework; path = gtest.framework; sourceTree = "<group>"; };
		04B7A611195063010031AE62 /* mnp_string_impl.h */ = {isa = PBXFileReference; lastKnownFileType = sourcecode.c.h; path = mnp_string_impl.h; sourceTree = "<group>"; };
		04B7A61219506CBA0031AE62 /* mnp_string_funcs.h */ = {isa = PBXFileReference; lastKnownFileType = sourcecode.c.h; path = mnp_string_funcs.h; sourceTree = "<group>"; };
		04B7A61319506DBA0031AE62 /* mnp_string_funcs_impl.h */ = {isa = PBXFileReference; lastKnownFileType = sourcecode.c.h; path = mnp_string_funcs_impl.h; sourceTree = "<group>"; };
		04CD1F0219576B8A006627F6 /* x_fast_trie_impl.h */ = {isa = PBXFileReference; fileEncoding = 4; lastKnownFileType = sourcecode.c.h; name = x_fast_trie_impl.h; path = "../fast-trie/x_fast_trie_impl.h"; sourceTree = "<group>"; };
		04CD1F0319576B8A006627F6 /* x_fast_trie.h */ = {isa = PBXFileReference; fileEncoding = 4; lastKnownFileType = sourcecode.c.h; name = x_fast_trie.h; path = "../fast-trie/x_fast_trie.h"; sourceTree = "<group>"; };
		04FBE07A195C6F5800A15A5E /* mnp_flyweight.h */ = {isa = PBXFileReference; lastKnownFileType = sourcecode.c.h; path = mnp_flyweight.h; sourceTree = "<group>"; };
		04FBE07B195C94A100A15A5E /* mnp_string_errors.h */ = {isa = PBXFileReference; lastKnownFileType = sourcecode.c.h; path = mnp_string_errors.h; sourceTree = "<group>"; };
		04FBE07C195C95F300A15A5E /* mnp_string_substr.cpp */ = {isa = PBXFileReference; fileEncoding = 4; lastKnownFileType = sourcecode.cpp.cpp; path = mnp_string_substr.cpp; sourceTree = "<group>"; };
/* End PBXFileReference section */

/* Begin PBXFrameworksBuildPhase section */
		0434A857194DDBAF0009D8FC /* Frameworks */ = {
			isa = PBXFrameworksBuildPhase;
			buildActionMask = 2147483647;
			files = (
			);
			runOnlyForDeploymentPostprocessing = 0;
		};
		04B7A5F7194F1B2B0031AE62 /* Frameworks */ = {
			isa = PBXFrameworksBuildPhase;
			buildActionMask = 2147483647;
			files = (
				04B7A608194F278B0031AE62 /* gtest.framework in Frameworks */,
			);
			runOnlyForDeploymentPostprocessing = 0;
		};
/* End PBXFrameworksBuildPhase section */

/* Begin PBXGroup section */
		0434A851194DDBAF0009D8FC = {
			isa = PBXGroup;
			children = (
				0434A862194DDBCB0009D8FC /* mnp_string.h */,
				04B7A611195063010031AE62 /* mnp_string_impl.h */,
				04B7A61219506CBA0031AE62 /* mnp_string_funcs.h */,
				04B7A61319506DBA0031AE62 /* mnp_string_funcs_impl.h */,
				04FBE07A195C6F5800A15A5E /* mnp_flyweight.h */,
				0462D7FD195DBA5D00073E22 /* mnp_string_iterator.h */,
				04CD1F0319576B8A006627F6 /* x_fast_trie.h */,
				04CD1F0219576B8A006627F6 /* x_fast_trie_impl.h */,
				04FBE07B195C94A100A15A5E /* mnp_string_errors.h */,
				04B7A5FB194F1B2C0031AE62 /* str_manip_unit_tests */,
				0434A85B194DDBAF0009D8FC /* Products */,
				04B7A607194F278B0031AE62 /* gtest.framework */,
			);
			sourceTree = "<group>";
		};
		0434A85B194DDBAF0009D8FC /* Products */ = {
			isa = PBXGroup;
			children = (
				0434A85A194DDBAF0009D8FC /* libstr_manip.a */,
				04B7A5FA194F1B2B0031AE62 /* str_manip_unit_tests */,
			);
			name = Products;
			sourceTree = "<group>";
		};
		04B7A5FB194F1B2C0031AE62 /* str_manip_unit_tests */ = {
			isa = PBXGroup;
			children = (
				04B7A5FC194F1B2C0031AE62 /* main.cpp */,
				04B7A604194F1C460031AE62 /* test.cpp */,
				04013C3119507009008A5F4F /* mnp_string_count.cpp */,
				04013C3219507009008A5F4F /* mnp_string_find.cpp */,
				04FBE07C195C95F300A15A5E /* mnp_string_substr.cpp */,
				045054F41960594F0041CE3E /* mnp_string_combin.cpp */,
				045054F8196063DB0041CE3E /* test_fixture.h */,
			);
			path = str_manip_unit_tests;
			sourceTree = "<group>";
		};
/* End PBXGroup section */

/* Begin PBXHeadersBuildPhase section */
		0434A858194DDBAF0009D8FC /* Headers */ = {
			isa = PBXHeadersBuildPhase;
			buildActionMask = 2147483647;
			files = (
				0434A864194DDBCB0009D8FC /* mnp_string.h in Headers */,
				04CD1F0419576B8A006627F6 /* x_fast_trie_impl.h in Headers */,
				04CD1F0519576B8A006627F6 /* x_fast_trie.h in Headers */,
			);
			runOnlyForDeploymentPostprocessing = 0;
		};
/* End PBXHeadersBuildPhase section */

/* Begin PBXNativeTarget section */
		0434A859194DDBAF0009D8FC /* str_manip */ = {
			isa = PBXNativeTarget;
			buildConfigurationList = 0434A85E194DDBAF0009D8FC /* Build configuration list for PBXNativeTarget "str_manip" */;
			buildPhases = (
				0434A856194DDBAF0009D8FC /* Sources */,
				0434A857194DDBAF0009D8FC /* Frameworks */,
				0434A858194DDBAF0009D8FC /* Headers */,
			);
			buildRules = (
			);
			dependencies = (
			);
			name = str_manip;
			productName = str_manip;
			productReference = 0434A85A194DDBAF0009D8FC /* libstr_manip.a */;
			productType = "com.apple.product-type.library.static";
		};
		04B7A5F9194F1B2B0031AE62 /* str_manip_unit_tests */ = {
			isa = PBXNativeTarget;
			buildConfigurationList = 04B7A600194F1B2C0031AE62 /* Build configuration list for PBXNativeTarget "str_manip_unit_tests" */;
			buildPhases = (
				04B7A5F6194F1B2B0031AE62 /* Sources */,
				04B7A5F7194F1B2B0031AE62 /* Frameworks */,
				04B7A5F8194F1B2B0031AE62 /* CopyFiles */,
			);
			buildRules = (
			);
			dependencies = (
			);
			name = str_manip_unit_tests;
			productName = str_manip_unit_tests;
			productReference = 04B7A5FA194F1B2B0031AE62 /* str_manip_unit_tests */;
			productType = "com.apple.product-type.tool";
		};
/* End PBXNativeTarget section */

/* Begin PBXProject section */
		0434A852194DDBAF0009D8FC /* Project object */ = {
			isa = PBXProject;
			attributes = {
				LastUpgradeCheck = 0510;
				ORGANIZATIONNAME = Urnware;
			};
			buildConfigurationList = 0434A855194DDBAF0009D8FC /* Build configuration list for PBXProject "str_manip" */;
			compatibilityVersion = "Xcode 3.2";
			developmentRegion = English;
			hasScannedForEncodings = 0;
			knownRegions = (
				en,
			);
			mainGroup = 0434A851194DDBAF0009D8FC;
			productRefGroup = 0434A85B194DDBAF0009D8FC /* Products */;
			projectDirPath = "";
			projectRoot = "";
			targets = (
				0434A859194DDBAF0009D8FC /* str_manip */,
				04B7A5F9194F1B2B0031AE62 /* str_manip_unit_tests */,
			);
		};
/* End PBXProject section */

/* Begin PBXSourcesBuildPhase section */
		0434A856194DDBAF0009D8FC /* Sources */ = {
			isa = PBXSourcesBuildPhase;
			buildActionMask = 2147483647;
			files = (
			);
			runOnlyForDeploymentPostprocessing = 0;
		};
		04B7A5F6194F1B2B0031AE62 /* Sources */ = {
			isa = PBXSourcesBuildPhase;
			buildActionMask = 2147483647;
			files = (
				04013C3319507009008A5F4F /* mnp_string_count.cpp in Sources */,
				04013C3419507009008A5F4F /* mnp_string_find.cpp in Sources */,
				045054F61960594F0041CE3E /* mnp_string_combin.cpp in Sources */,
				04B7A5FD194F1B2C0031AE62 /* main.cpp in Sources */,
				04B7A606194F1C460031AE62 /* test.cpp in Sources */,
				04FBE07E195C95F300A15A5E /* mnp_string_substr.cpp in Sources */,
			);
			runOnlyForDeploymentPostprocessing = 0;
		};
/* End PBXSourcesBuildPhase section */

/* Begin XCBuildConfiguration section */
		0434A85C194DDBAF0009D8FC /* Debug */ = {
			isa = XCBuildConfiguration;
			buildSettings = {
				ALWAYS_SEARCH_USER_PATHS = YES;
				CLANG_CXX_LANGUAGE_STANDARD = "gnu++0x";
				CLANG_CXX_LIBRARY = "libc++";
				CLANG_ENABLE_MODULES = YES;
				CLANG_ENABLE_OBJC_ARC = YES;
				CLANG_WARN_BOOL_CONVERSION = YES;
				CLANG_WARN_CONSTANT_CONVERSION = YES;
				CLANG_WARN_DIRECT_OBJC_ISA_USAGE = YES_ERROR;
				CLANG_WARN_EMPTY_BODY = YES;
				CLANG_WARN_ENUM_CONVERSION = YES;
				CLANG_WARN_INT_CONVERSION = YES;
				CLANG_WARN_OBJC_ROOT_CLASS = YES_ERROR;
				CLANG_WARN__DUPLICATE_METHOD_MATCH = YES;
				COPY_PHASE_STRIP = NO;
				GCC_CHAR_IS_UNSIGNED_CHAR = NO;
				GCC_C_LANGUAGE_STANDARD = gnu99;
				GCC_DYNAMIC_NO_PIC = NO;
				GCC_ENABLE_OBJC_EXCEPTIONS = YES;
				GCC_OPTIMIZATION_LEVEL = 0;
				GCC_PREPROCESSOR_DEFINITIONS = (
					"DEBUG=1",
					"$(inherited)",
				);
				GCC_SYMBOLS_PRIVATE_EXTERN = NO;
				GCC_WARN_64_TO_32_BIT_CONVERSION = YES;
				GCC_WARN_ABOUT_RETURN_TYPE = YES_ERROR;
				GCC_WARN_UNDECLARED_SELECTOR = YES;
				GCC_WARN_UNINITIALIZED_AUTOS = YES_AGGRESSIVE;
				GCC_WARN_UNUSED_FUNCTION = YES;
				GCC_WARN_UNUSED_VARIABLE = YES;
				MACOSX_DEPLOYMENT_TARGET = 10.9;
				ONLY_ACTIVE_ARCH = YES;
				SDKROOT = macosx;
			};
			name = Debug;
		};
		0434A85D194DDBAF0009D8FC /* Release */ = {
			isa = XCBuildConfiguration;
			buildSettings = {
				ALWAYS_SEARCH_USER_PATHS = YES;
				CLANG_CXX_LANGUAGE_STANDARD = "gnu++0x";
				CLANG_CXX_LIBRARY = "libc++";
				CLANG_ENABLE_MODULES = YES;
				CLANG_ENABLE_OBJC_ARC = YES;
				CLANG_WARN_BOOL_CONVERSION = YES;
				CLANG_WARN_CONSTANT_CONVERSION = YES;
				CLANG_WARN_DIRECT_OBJC_ISA_USAGE = YES_ERROR;
				CLANG_WARN_EMPTY_BODY = YES;
				CLANG_WARN_ENUM_CONVERSION = YES;
				CLANG_WARN_INT_CONVERSION = YES;
				CLANG_WARN_OBJC_ROOT_CLASS = YES_ERROR;
				CLANG_WARN__DUPLICATE_METHOD_MATCH = YES;
				COPY_PHASE_STRIP = YES;
				DEBUG_INFORMATION_FORMAT = "dwarf-with-dsym";
				ENABLE_NS_ASSERTIONS = NO;
				GCC_CHAR_IS_UNSIGNED_CHAR = NO;
				GCC_C_LANGUAGE_STANDARD = gnu99;
				GCC_ENABLE_OBJC_EXCEPTIONS = YES;
				GCC_WARN_64_TO_32_BIT_CONVERSION = YES;
				GCC_WARN_ABOUT_RETURN_TYPE = YES_ERROR;
				GCC_WARN_UNDECLARED_SELECTOR = YES;
				GCC_WARN_UNINITIALIZED_AUTOS = YES_AGGRESSIVE;
				GCC_WARN_UNUSED_FUNCTION = YES;
				GCC_WARN_UNUSED_VARIABLE = YES;
				MACOSX_DEPLOYMENT_TARGET = 10.9;
				SDKROOT = macosx;
			};
			name = Release;
		};
		0434A85F194DDBAF0009D8FC /* Debug */ = {
			isa = XCBuildConfiguration;
			buildSettings = {
				EXECUTABLE_PREFIX = lib;
				PRODUCT_NAME = "$(TARGET_NAME)";
			};
			name = Debug;
		};
		0434A860194DDBAF0009D8FC /* Release */ = {
			isa = XCBuildConfiguration;
			buildSettings = {
				EXECUTABLE_PREFIX = lib;
				PRODUCT_NAME = "$(TARGET_NAME)";
			};
			name = Release;
		};
		04B7A601194F1B2C0031AE62 /* Debug */ = {
			isa = XCBuildConfiguration;
			buildSettings = {
				ALWAYS_SEARCH_USER_PATHS = NO;
				CLANG_CXX_LANGUAGE_STANDARD = "gnu++0x";
				CLANG_CXX_LIBRARY = "libc++";
				FRAMEWORK_SEARCH_PATHS = (
					"$(inherited)",
					"$(PROJECT_DIR)",
				);
				GCC_C_LANGUAGE_STANDARD = c99;
				GCC_PREPROCESSOR_DEFINITIONS = (
					"DEBUG=1",
					"$(inherited)",
				);
				LINK_WITH_STANDARD_LIBRARIES = YES;
				MACH_O_TYPE = mh_execute;
				ONLY_ACTIVE_ARCH = YES;
				PRODUCT_NAME = "$(TARGET_NAME)";
				VALID_ARCHS = x86_64;
			};
			name = Debug;
		};
		04B7A602194F1B2C0031AE62 /* Release */ = {
			isa = XCBuildConfiguration;
			buildSettings = {
				ALWAYS_SEARCH_USER_PATHS = NO;
				CLANG_CXX_LANGUAGE_STANDARD = "gnu++0x";
				CLANG_CXX_LIBRARY = "libc++";
				FRAMEWORK_SEARCH_PATHS = (
					"$(inherited)",
					"$(PROJECT_DIR)",
				);
				GCC_C_LANGUAGE_STANDARD = c99;
				LINK_WITH_STANDARD_LIBRARIES = YES;
				MACH_O_TYPE = mh_execute;
				ONLY_ACTIVE_ARCH = YES;
				PRODUCT_NAME = "$(TARGET_NAME)";
				VALID_ARCHS = x86_64;
			};
			name = Release;
		};
/* End XCBuildConfiguration section */

/* Begin XCConfigurationList section */
		0434A855194DDBAF0009D8FC /* Build configuration list for PBXProject "str_manip" */ = {
			isa = XCConfigurationList;
			buildConfigurations = (
				0434A85C194DDBAF0009D8FC /* Debug */,
				0434A85D194DDBAF0009D8FC /* Release */,
			);
			defaultConfigurationIsVisible = 0;
			defaultConfigurationName = Release;
		};
		0434A85E194DDBAF0009D8FC /* Build configuration list for PBXNativeTarget "str_manip" */ = {
			isa = XCConfigurationList;
			buildConfigurations = (
				0434A85F194DDBAF0009D8FC /* Debug */,
				0434A860194DDBAF0009D8FC /* Release */,
			);
			defaultConfigurationIsVisible = 0;
			defaultConfigurationName = Release;
		};
		04B7A600194F1B2C0031AE62 /* Build configuration list for PBXNativeTarget "str_manip_unit_tests" */ = {
			isa = XCConfigurationList;
			buildConfigurations = (
				04B7A601194F1B2C0031AE62 /* Debug */,
				04B7A602194F1B2C0031AE62 /* Release */,
			);
			defaultConfigurationIsVisible = 0;
			defaultConfigurationName = Release;
		};
/* End XCConfigurationList section */
	};
	rootObject = 0434A852194DDBAF0009D8FC /* Project object */;
}
